# THIS IS AN AUTOGENERATED FILE. DO NOT EDIT THIS FILE DIRECTLY.
# yarn lockfile v1


"@types/core-js@^0.9.46":
  version "0.9.46"
  resolved "https://registry.yarnpkg.com/@types/core-js/-/core-js-0.9.46.tgz#ea701ee34cbb6dfe6d100f1530319547c93c8d79"

"@types/node@^9.4.4":
  version "9.6.2"
  resolved "https://registry.yarnpkg.com/@types/node/-/node-9.6.2.tgz#e49ac1adb458835e95ca6487bc20f916b37aff23"

typescript@^2.8.1:
  version "2.8.1"
  resolved "https://registry.yarnpkg.com/typescript/-/typescript-2.8.1.tgz#6160e4f8f195d5ba81d4876f9c0cc1fbc0820624"
